// !$*UTF8*$!
{
	archiveVersion = 1;
	classes = {
	};
	objectVersion = 56;
	objects = {

/* Begin PBXBuildFile section */
		D805F1D82B74BABD00C80D18 /* DailyJournalApp.swift in Sources */ = {isa = PBXBuildFile; fileRef = D805F1D72B74BABD00C80D18 /* DailyJournalApp.swift */; };
		D805F1DA2B74BABD00C80D18 /* ContentView.swift in Sources */ = {isa = PBXBuildFile; fileRef = D805F1D92B74BABD00C80D18 /* ContentView.swift */; };
		D805F1DC2B74BABE00C80D18 /* Assets.xcassets in Resources */ = {isa = PBXBuildFile; fileRef = D805F1DB2B74BABE00C80D18 /* Assets.xcassets */; };
		D805F1DF2B74BABE00C80D18 /* Preview Assets.xcassets in Resources */ = {isa = PBXBuildFile; fileRef = D805F1DE2B74BABE00C80D18 /* Preview Assets.xcassets */; };
		D805F1E62B74BAFE00C80D18 /* Journal.swift in Sources */ = {isa = PBXBuildFile; fileRef = D805F1E52B74BAFE00C80D18 /* Journal.swift */; };
		D805F1EB2B74C29E00C80D18 /* HomeView.swift in Sources */ = {isa = PBXBuildFile; fileRef = D805F1EA2B74C29E00C80D18 /* HomeView.swift */; };
		D805F1ED2B74C42000C80D18 /* MoodButtonView.swift in Sources */ = {isa = PBXBuildFile; fileRef = D805F1EC2B74C42000C80D18 /* MoodButtonView.swift */; };
		D805F1EF2B74C82600C80D18 /* JournalHistoryView.swift in Sources */ = {isa = PBXBuildFile; fileRef = D805F1EE2B74C82600C80D18 /* JournalHistoryView.swift */; };
		D805F1F12B74C8BC00C80D18 /* SettingsView.swift in Sources */ = {isa = PBXBuildFile; fileRef = D805F1F02B74C8BC00C80D18 /* SettingsView.swift */; };
		D805F1F32B74CD1D00C80D18 /* Quote.swift in Sources */ = {isa = PBXBuildFile; fileRef = D805F1F22B74CD1D00C80D18 /* Quote.swift */; };
		D805F1FB2B7512F100C80D18 /* Network.swift in Sources */ = {isa = PBXBuildFile; fileRef = D805F1FA2B7512F100C80D18 /* Network.swift */; };
		D8300D4A2B86268800FED422 /* CreateJournalToolbarView.swift in Sources */ = {isa = PBXBuildFile; fileRef = D8300D492B86268800FED422 /* CreateJournalToolbarView.swift */; };
		D8300D4E2B88784B00FED422 /* JournalHistoryRowView.swift in Sources */ = {isa = PBXBuildFile; fileRef = D8300D4D2B88784B00FED422 /* JournalHistoryRowView.swift */; };
		D8300D502B89CE9E00FED422 /* JournalDetailEditView.swift in Sources */ = {isa = PBXBuildFile; fileRef = D8300D4F2B89CE9D00FED422 /* JournalDetailEditView.swift */; };
		D8300D562B8F543400FED422 /* NotificationManager.swift in Sources */ = {isa = PBXBuildFile; fileRef = D8300D552B8F543400FED422 /* NotificationManager.swift */; };
		D8300D582B8F57E100FED422 /* DateHelper.swift in Sources */ = {isa = PBXBuildFile; fileRef = D8300D572B8F57E100FED422 /* DateHelper.swift */; };
		D8300D5A2B8F58FA00FED422 /* AppDelegate.swift in Sources */ = {isa = PBXBuildFile; fileRef = D8300D592B8F58FA00FED422 /* AppDelegate.swift */; };
		D8300D5C2B90733200FED422 /* SecurityController.swift in Sources */ = {isa = PBXBuildFile; fileRef = D8300D5B2B90733200FED422 /* SecurityController.swift */; };
		D8300D5E2B90767F00FED422 /* LockedView.swift in Sources */ = {isa = PBXBuildFile; fileRef = D8300D5D2B90767F00FED422 /* LockedView.swift */; };
		D8300D622B97204000FED422 /* Background.swift in Sources */ = {isa = PBXBuildFile; fileRef = D8300D612B97204000FED422 /* Background.swift */; };
		D88044602B7B4F7A004E8BE8 /* CreateJournalView.swift in Sources */ = {isa = PBXBuildFile; fileRef = D880445F2B7B4F7A004E8BE8 /* CreateJournalView.swift */; };
		D88044642B7F4BAD004E8BE8 /* JournalDetailView.swift in Sources */ = {isa = PBXBuildFile; fileRef = D88044632B7F4BAD004E8BE8 /* JournalDetailView.swift */; };
		D88044662B7F5131004E8BE8 /* JournalHistoryToolbarView.swift in Sources */ = {isa = PBXBuildFile; fileRef = D88044652B7F5131004E8BE8 /* JournalHistoryToolbarView.swift */; };
		D88044682B7F596B004E8BE8 /* DatePickerSheetView.swift in Sources */ = {isa = PBXBuildFile; fileRef = D88044672B7F596B004E8BE8 /* DatePickerSheetView.swift */; };
		D8E9726B2B7682C300F38745 /* BitCollections in Frameworks */ = {isa = PBXBuildFile; productRef = D8E9726A2B7682C300F38745 /* BitCollections */; };
		D8E9726D2B7682C300F38745 /* Collections in Frameworks */ = {isa = PBXBuildFile; productRef = D8E9726C2B7682C300F38745 /* Collections */; };
		D8E9726F2B7682C300F38745 /* DequeModule in Frameworks */ = {isa = PBXBuildFile; productRef = D8E9726E2B7682C300F38745 /* DequeModule */; };
		D8E972712B7682C300F38745 /* HashTreeCollections in Frameworks */ = {isa = PBXBuildFile; productRef = D8E972702B7682C300F38745 /* HashTreeCollections */; };
		D8E972732B7682C300F38745 /* HeapModule in Frameworks */ = {isa = PBXBuildFile; productRef = D8E972722B7682C300F38745 /* HeapModule */; };
		D8E972762B76900200F38745 /* MoodHistoryView.swift in Sources */ = {isa = PBXBuildFile; fileRef = D8E972752B76900200F38745 /* MoodHistoryView.swift */; };
		D8E972782B76A84B00F38745 /* MoodEntry.swift in Sources */ = {isa = PBXBuildFile; fileRef = D8E972772B76A84B00F38745 /* MoodEntry.swift */; };
		D8E9727B2B78CA1500F38745 /* PreviewSampleData.swift in Sources */ = {isa = PBXBuildFile; fileRef = D8E9727A2B78CA1500F38745 /* PreviewSampleData.swift */; };
/* End PBXBuildFile section */

/* Begin PBXFileReference section */
		D805F1D42B74BABD00C80D18 /* DailyJournal.app */ = {isa = PBXFileReference; explicitFileType = wrapper.application; includeInIndex = 0; path = DailyJournal.app; sourceTree = BUILT_PRODUCTS_DIR; };
		D805F1D72B74BABD00C80D18 /* DailyJournalApp.swift */ = {isa = PBXFileReference; lastKnownFileType = sourcecode.swift; path = DailyJournalApp.swift; sourceTree = "<group>"; };
		D805F1D92B74BABD00C80D18 /* ContentView.swift */ = {isa = PBXFileReference; lastKnownFileType = sourcecode.swift; path = ContentView.swift; sourceTree = "<group>"; };
		D805F1DB2B74BABE00C80D18 /* Assets.xcassets */ = {isa = PBXFileReference; lastKnownFileType = folder.assetcatalog; path = Assets.xcassets; sourceTree = "<group>"; };
		D805F1DE2B74BABE00C80D18 /* Preview Assets.xcassets */ = {isa = PBXFileReference; lastKnownFileType = folder.assetcatalog; path = "Preview Assets.xcassets"; sourceTree = "<group>"; };
		D805F1E52B74BAFE00C80D18 /* Journal.swift */ = {isa = PBXFileReference; lastKnownFileType = sourcecode.swift; path = Journal.swift; sourceTree = "<group>"; };
		D805F1EA2B74C29E00C80D18 /* HomeView.swift */ = {isa = PBXFileReference; lastKnownFileType = sourcecode.swift; path = HomeView.swift; sourceTree = "<group>"; };
		D805F1EC2B74C42000C80D18 /* MoodButtonView.swift */ = {isa = PBXFileReference; lastKnownFileType = sourcecode.swift; path = MoodButtonView.swift; sourceTree = "<group>"; };
		D805F1EE2B74C82600C80D18 /* JournalHistoryView.swift */ = {isa = PBXFileReference; lastKnownFileType = sourcecode.swift; path = JournalHistoryView.swift; sourceTree = "<group>"; };
		D805F1F02B74C8BC00C80D18 /* SettingsView.swift */ = {isa = PBXFileReference; lastKnownFileType = sourcecode.swift; path = SettingsView.swift; sourceTree = "<group>"; };
		D805F1F22B74CD1D00C80D18 /* Quote.swift */ = {isa = PBXFileReference; lastKnownFileType = sourcecode.swift; path = Quote.swift; sourceTree = "<group>"; };
		D805F1FA2B7512F100C80D18 /* Network.swift */ = {isa = PBXFileReference; lastKnownFileType = sourcecode.swift; path = Network.swift; sourceTree = "<group>"; };
		D8300D492B86268800FED422 /* CreateJournalToolbarView.swift */ = {isa = PBXFileReference; lastKnownFileType = sourcecode.swift; path = CreateJournalToolbarView.swift; sourceTree = "<group>"; };
		D8300D4D2B88784B00FED422 /* JournalHistoryRowView.swift */ = {isa = PBXFileReference; lastKnownFileType = sourcecode.swift; path = JournalHistoryRowView.swift; sourceTree = "<group>"; };
		D8300D4F2B89CE9D00FED422 /* JournalDetailEditView.swift */ = {isa = PBXFileReference; lastKnownFileType = sourcecode.swift; path = JournalDetailEditView.swift; sourceTree = "<group>"; };
		D8300D552B8F543400FED422 /* NotificationManager.swift */ = {isa = PBXFileReference; lastKnownFileType = sourcecode.swift; path = NotificationManager.swift; sourceTree = "<group>"; };
		D8300D572B8F57E100FED422 /* DateHelper.swift */ = {isa = PBXFileReference; lastKnownFileType = sourcecode.swift; path = DateHelper.swift; sourceTree = "<group>"; };
		D8300D592B8F58FA00FED422 /* AppDelegate.swift */ = {isa = PBXFileReference; lastKnownFileType = sourcecode.swift; path = AppDelegate.swift; sourceTree = "<group>"; };
		D8300D5B2B90733200FED422 /* SecurityController.swift */ = {isa = PBXFileReference; lastKnownFileType = sourcecode.swift; path = SecurityController.swift; sourceTree = "<group>"; };
		D8300D5D2B90767F00FED422 /* LockedView.swift */ = {isa = PBXFileReference; lastKnownFileType = sourcecode.swift; path = LockedView.swift; sourceTree = "<group>"; };
		D8300D612B97204000FED422 /* Background.swift */ = {isa = PBXFileReference; lastKnownFileType = sourcecode.swift; path = Background.swift; sourceTree = "<group>"; };
		D880445F2B7B4F7A004E8BE8 /* CreateJournalView.swift */ = {isa = PBXFileReference; lastKnownFileType = sourcecode.swift; path = CreateJournalView.swift; sourceTree = "<group>"; };
		D88044632B7F4BAD004E8BE8 /* JournalDetailView.swift */ = {isa = PBXFileReference; lastKnownFileType = sourcecode.swift; path = JournalDetailView.swift; sourceTree = "<group>"; };
		D88044652B7F5131004E8BE8 /* JournalHistoryToolbarView.swift */ = {isa = PBXFileReference; lastKnownFileType = sourcecode.swift; path = JournalHistoryToolbarView.swift; sourceTree = "<group>"; };
		D88044672B7F596B004E8BE8 /* DatePickerSheetView.swift */ = {isa = PBXFileReference; lastKnownFileType = sourcecode.swift; path = DatePickerSheetView.swift; sourceTree = "<group>"; };
		D8E972752B76900200F38745 /* MoodHistoryView.swift */ = {isa = PBXFileReference; lastKnownFileType = sourcecode.swift; path = MoodHistoryView.swift; sourceTree = "<group>"; };
		D8E972772B76A84B00F38745 /* MoodEntry.swift */ = {isa = PBXFileReference; lastKnownFileType = sourcecode.swift; path = MoodEntry.swift; sourceTree = "<group>"; };
		D8E9727A2B78CA1500F38745 /* PreviewSampleData.swift */ = {isa = PBXFileReference; lastKnownFileType = sourcecode.swift; path = PreviewSampleData.swift; sourceTree = "<group>"; };
/* End PBXFileReference section */

/* Begin PBXFrameworksBuildPhase section */
		D805F1D12B74BABD00C80D18 /* Frameworks */ = {
			isa = PBXFrameworksBuildPhase;
			buildActionMask = 2147483647;
			files = (
				D8E9726D2B7682C300F38745 /* Collections in Frameworks */,
				D8E972732B7682C300F38745 /* HeapModule in Frameworks */,
				D8E9726B2B7682C300F38745 /* BitCollections in Frameworks */,
				D8E972712B7682C300F38745 /* HashTreeCollections in Frameworks */,
				D8E9726F2B7682C300F38745 /* DequeModule in Frameworks */,
			);
			runOnlyForDeploymentPostprocessing = 0;
		};
/* End PBXFrameworksBuildPhase section */

/* Begin PBXGroup section */
		D805F1CB2B74BABD00C80D18 = {
			isa = PBXGroup;
			children = (
				D805F1D62B74BABD00C80D18 /* DailyJournal */,
				D805F1D52B74BABD00C80D18 /* Products */,
			);
			sourceTree = "<group>";
		};
		D805F1D52B74BABD00C80D18 /* Products */ = {
			isa = PBXGroup;
			children = (
				D805F1D42B74BABD00C80D18 /* DailyJournal.app */,
			);
			name = Products;
			sourceTree = "<group>";
		};
		D805F1D62B74BABD00C80D18 /* DailyJournal */ = {
			isa = PBXGroup;
			children = (
				D805F1D72B74BABD00C80D18 /* DailyJournalApp.swift */,
				D805F1D92B74BABD00C80D18 /* ContentView.swift */,
				D8300D5F2B91B58C00FED422 /* Notification */,
				D8300D602B91B6B100FED422 /* Authentification */,
				D805F1E92B74C24400C80D18 /* Views */,
				D805F1E72B74BB0500C80D18 /* Model */,
				D805F1DB2B74BABE00C80D18 /* Assets.xcassets */,
				D805F1DD2B74BABE00C80D18 /* Preview Content */,
			);
			path = DailyJournal;
			sourceTree = "<group>";
		};
		D805F1DD2B74BABE00C80D18 /* Preview Content */ = {
			isa = PBXGroup;
			children = (
				D805F1DE2B74BABE00C80D18 /* Preview Assets.xcassets */,
			);
			path = "Preview Content";
			sourceTree = "<group>";
		};
		D805F1E72B74BB0500C80D18 /* Model */ = {
			isa = PBXGroup;
			children = (
				D805F1E52B74BAFE00C80D18 /* Journal.swift */,
				D8E972772B76A84B00F38745 /* MoodEntry.swift */,
				D805F1F22B74CD1D00C80D18 /* Quote.swift */,
				D805F1FA2B7512F100C80D18 /* Network.swift */,
				D8E972792B78C9F400F38745 /* Preview */,
			);
			path = Model;
			sourceTree = "<group>";
		};
		D805F1E92B74C24400C80D18 /* Views */ = {
			isa = PBXGroup;
			children = (
				D805F1EA2B74C29E00C80D18 /* HomeView.swift */,
				D8300D642B975C3E00FED422 /* Journal */,
				D8300D632B975C1C00FED422 /* Journal History */,
				D88044672B7F596B004E8BE8 /* DatePickerSheetView.swift */,
				D805F1F02B74C8BC00C80D18 /* SettingsView.swift */,
				D8300D612B97204000FED422 /* Background.swift */,
			);
			path = Views;
			sourceTree = "<group>";
		};
		D8300D5F2B91B58C00FED422 /* Notification */ = {
			isa = PBXGroup;
			children = (
				D8300D552B8F543400FED422 /* NotificationManager.swift */,
				D8300D572B8F57E100FED422 /* DateHelper.swift */,
				D8300D592B8F58FA00FED422 /* AppDelegate.swift */,
			);
			path = Notification;
			sourceTree = "<group>";
		};
		D8300D602B91B6B100FED422 /* Authentification */ = {
			isa = PBXGroup;
			children = (
				D8300D5B2B90733200FED422 /* SecurityController.swift */,
				D8300D5D2B90767F00FED422 /* LockedView.swift */,
			);
			path = Authentification;
			sourceTree = "<group>";
		};
		D8300D632B975C1C00FED422 /* Journal History */ = {
			isa = PBXGroup;
			children = (
				D805F1EE2B74C82600C80D18 /* JournalHistoryView.swift */,
				D8300D4D2B88784B00FED422 /* JournalHistoryRowView.swift */,
				D88044652B7F5131004E8BE8 /* JournalHistoryToolbarView.swift */,
			);
			path = "Journal History";
			sourceTree = "<group>";
		};
		D8300D642B975C3E00FED422 /* Journal */ = {
			isa = PBXGroup;
			children = (
				D880445F2B7B4F7A004E8BE8 /* CreateJournalView.swift */,
				D8300D492B86268800FED422 /* CreateJournalToolbarView.swift */,
				D88044632B7F4BAD004E8BE8 /* JournalDetailView.swift */,
				D8300D4F2B89CE9D00FED422 /* JournalDetailEditView.swift */,
				D8E972752B76900200F38745 /* MoodHistoryView.swift */,
				D805F1EC2B74C42000C80D18 /* MoodButtonView.swift */,
			);
			path = Journal;
			sourceTree = "<group>";
		};
		D8E972792B78C9F400F38745 /* Preview */ = {
			isa = PBXGroup;
			children = (
				D8E9727A2B78CA1500F38745 /* PreviewSampleData.swift */,
			);
			path = Preview;
			sourceTree = "<group>";
		};
/* End PBXGroup section */

/* Begin PBXNativeTarget section */
		D805F1D32B74BABD00C80D18 /* DailyJournal */ = {
			isa = PBXNativeTarget;
			buildConfigurationList = D805F1E22B74BABE00C80D18 /* Build configuration list for PBXNativeTarget "DailyJournal" */;
			buildPhases = (
				D805F1D02B74BABD00C80D18 /* Sources */,
				D805F1D12B74BABD00C80D18 /* Frameworks */,
				D805F1D22B74BABD00C80D18 /* Resources */,
				D8E972742B76869600F38745 /* ShellScript */,
			);
			buildRules = (
			);
			dependencies = (
			);
			name = DailyJournal;
			packageProductDependencies = (
				D8E9726A2B7682C300F38745 /* BitCollections */,
				D8E9726C2B7682C300F38745 /* Collections */,
				D8E9726E2B7682C300F38745 /* DequeModule */,
				D8E972702B7682C300F38745 /* HashTreeCollections */,
				D8E972722B7682C300F38745 /* HeapModule */,
			);
			productName = DailyJournal;
			productReference = D805F1D42B74BABD00C80D18 /* DailyJournal.app */;
			productType = "com.apple.product-type.application";
		};
/* End PBXNativeTarget section */

/* Begin PBXProject section */
		D805F1CC2B74BABD00C80D18 /* Project object */ = {
			isa = PBXProject;
			attributes = {
				BuildIndependentTargetsInParallel = 1;
				LastSwiftUpdateCheck = 1520;
				LastUpgradeCheck = 1520;
				TargetAttributes = {
					D805F1D32B74BABD00C80D18 = {
						CreatedOnToolsVersion = 15.2;
					};
				};
			};
			buildConfigurationList = D805F1CF2B74BABD00C80D18 /* Build configuration list for PBXProject "DailyJournal" */;
			compatibilityVersion = "Xcode 14.0";
			developmentRegion = en;
			hasScannedForEncodings = 0;
			knownRegions = (
				en,
				Base,
			);
			mainGroup = D805F1CB2B74BABD00C80D18;
			packageReferences = (
				D8E972692B7682C300F38745 /* XCRemoteSwiftPackageReference "swift-collections" */,
			);
			productRefGroup = D805F1D52B74BABD00C80D18 /* Products */;
			projectDirPath = "";
			projectRoot = "";
			targets = (
				D805F1D32B74BABD00C80D18 /* DailyJournal */,
			);
		};
/* End PBXProject section */

/* Begin PBXResourcesBuildPhase section */
		D805F1D22B74BABD00C80D18 /* Resources */ = {
			isa = PBXResourcesBuildPhase;
			buildActionMask = 2147483647;
			files = (
				D805F1DF2B74BABE00C80D18 /* Preview Assets.xcassets in Resources */,
				D805F1DC2B74BABE00C80D18 /* Assets.xcassets in Resources */,
			);
			runOnlyForDeploymentPostprocessing = 0;
		};
/* End PBXResourcesBuildPhase section */

/* Begin PBXShellScriptBuildPhase section */
		D8E972742B76869600F38745 /* ShellScript */ = {
			isa = PBXShellScriptBuildPhase;
			alwaysOutOfDate = 1;
			buildActionMask = 2147483647;
			files = (
			);
			inputFileListPaths = (
			);
			inputPaths = (
			);
			outputFileListPaths = (
			);
			outputPaths = (
			);
			runOnlyForDeploymentPostprocessing = 0;
			shellPath = /bin/sh;
			shellScript = "export PATH=\"$PATH:/opt/homebrew/bin\"\nif which swiftlint > /dev/null; then\n  swiftlint\nelse\n  echo \"warning: SwiftLint not installed, download from https://github.com/realm/SwiftLint\"\nfi\n";
		};
/* End PBXShellScriptBuildPhase section */

/* Begin PBXSourcesBuildPhase section */
		D805F1D02B74BABD00C80D18 /* Sources */ = {
			isa = PBXSourcesBuildPhase;
			buildActionMask = 2147483647;
			files = (
				D8300D5E2B90767F00FED422 /* LockedView.swift in Sources */,
				D8300D5A2B8F58FA00FED422 /* AppDelegate.swift in Sources */,
				D8E972762B76900200F38745 /* MoodHistoryView.swift in Sources */,
				D805F1DA2B74BABD00C80D18 /* ContentView.swift in Sources */,
				D8300D562B8F543400FED422 /* NotificationManager.swift in Sources */,
				D805F1E62B74BAFE00C80D18 /* Journal.swift in Sources */,
				D8E972782B76A84B00F38745 /* MoodEntry.swift in Sources */,
				D8300D502B89CE9E00FED422 /* JournalDetailEditView.swift in Sources */,
				D88044682B7F596B004E8BE8 /* DatePickerSheetView.swift in Sources */,
				D805F1EB2B74C29E00C80D18 /* HomeView.swift in Sources */,
				D805F1EF2B74C82600C80D18 /* JournalHistoryView.swift in Sources */,
				D8300D4A2B86268800FED422 /* CreateJournalToolbarView.swift in Sources */,
				D88044662B7F5131004E8BE8 /* JournalHistoryToolbarView.swift in Sources */,
				D805F1F32B74CD1D00C80D18 /* Quote.swift in Sources */,
				D8300D582B8F57E100FED422 /* DateHelper.swift in Sources */,
				D805F1FB2B7512F100C80D18 /* Network.swift in Sources */,
				D8300D5C2B90733200FED422 /* SecurityController.swift in Sources */,
				D8E9727B2B78CA1500F38745 /* PreviewSampleData.swift in Sources */,
				D88044642B7F4BAD004E8BE8 /* JournalDetailView.swift in Sources */,
				D8300D4E2B88784B00FED422 /* JournalHistoryRowView.swift in Sources */,
				D805F1D82B74BABD00C80D18 /* DailyJournalApp.swift in Sources */,
				D805F1F12B74C8BC00C80D18 /* SettingsView.swift in Sources */,
				D805F1ED2B74C42000C80D18 /* MoodButtonView.swift in Sources */,
				D8300D622B97204000FED422 /* Background.swift in Sources */,
				D88044602B7B4F7A004E8BE8 /* CreateJournalView.swift in Sources */,
			);
			runOnlyForDeploymentPostprocessing = 0;
		};
/* End PBXSourcesBuildPhase section */

/* Begin XCBuildConfiguration section */
		D805F1E02B74BABE00C80D18 /* Debug */ = {
			isa = XCBuildConfiguration;
			buildSettings = {
				ALWAYS_SEARCH_USER_PATHS = NO;
				ASSETCATALOG_COMPILER_GENERATE_SWIFT_ASSET_SYMBOL_EXTENSIONS = YES;
				CLANG_ANALYZER_NONNULL = YES;
				CLANG_ANALYZER_NUMBER_OBJECT_CONVERSION = YES_AGGRESSIVE;
				CLANG_CXX_LANGUAGE_STANDARD = "gnu++20";
				CLANG_ENABLE_MODULES = YES;
				CLANG_ENABLE_OBJC_ARC = YES;
				CLANG_ENABLE_OBJC_WEAK = YES;
				CLANG_WARN_BLOCK_CAPTURE_AUTORELEASING = YES;
				CLANG_WARN_BOOL_CONVERSION = YES;
				CLANG_WARN_COMMA = YES;
				CLANG_WARN_CONSTANT_CONVERSION = YES;
				CLANG_WARN_DEPRECATED_OBJC_IMPLEMENTATIONS = YES;
				CLANG_WARN_DIRECT_OBJC_ISA_USAGE = YES_ERROR;
				CLANG_WARN_DOCUMENTATION_COMMENTS = YES;
				CLANG_WARN_EMPTY_BODY = YES;
				CLANG_WARN_ENUM_CONVERSION = YES;
				CLANG_WARN_INFINITE_RECURSION = YES;
				CLANG_WARN_INT_CONVERSION = YES;
				CLANG_WARN_NON_LITERAL_NULL_CONVERSION = YES;
				CLANG_WARN_OBJC_IMPLICIT_RETAIN_SELF = YES;
				CLANG_WARN_OBJC_LITERAL_CONVERSION = YES;
				CLANG_WARN_OBJC_ROOT_CLASS = YES_ERROR;
				CLANG_WARN_QUOTED_INCLUDE_IN_FRAMEWORK_HEADER = YES;
				CLANG_WARN_RANGE_LOOP_ANALYSIS = YES;
				CLANG_WARN_STRICT_PROTOTYPES = YES;
				CLANG_WARN_SUSPICIOUS_MOVE = YES;
				CLANG_WARN_UNGUARDED_AVAILABILITY = YES_AGGRESSIVE;
				CLANG_WARN_UNREACHABLE_CODE = YES;
				CLANG_WARN__DUPLICATE_METHOD_MATCH = YES;
				COPY_PHASE_STRIP = NO;
				DEBUG_INFORMATION_FORMAT = dwarf;
				ENABLE_STRICT_OBJC_MSGSEND = YES;
				ENABLE_TESTABILITY = YES;
				ENABLE_USER_SCRIPT_SANDBOXING = YES;
				GCC_C_LANGUAGE_STANDARD = gnu17;
				GCC_DYNAMIC_NO_PIC = NO;
				GCC_NO_COMMON_BLOCKS = YES;
				GCC_OPTIMIZATION_LEVEL = 0;
				GCC_PREPROCESSOR_DEFINITIONS = (
					"DEBUG=1",
					"$(inherited)",
				);
				GCC_WARN_64_TO_32_BIT_CONVERSION = YES;
				GCC_WARN_ABOUT_RETURN_TYPE = YES_ERROR;
				GCC_WARN_UNDECLARED_SELECTOR = YES;
				GCC_WARN_UNINITIALIZED_AUTOS = YES_AGGRESSIVE;
				GCC_WARN_UNUSED_FUNCTION = YES;
				GCC_WARN_UNUSED_VARIABLE = YES;
				IPHONEOS_DEPLOYMENT_TARGET = 17.2;
				LOCALIZATION_PREFERS_STRING_CATALOGS = YES;
				MTL_ENABLE_DEBUG_INFO = INCLUDE_SOURCE;
				MTL_FAST_MATH = YES;
				ONLY_ACTIVE_ARCH = YES;
				SDKROOT = iphoneos;
				SWIFT_ACTIVE_COMPILATION_CONDITIONS = "DEBUG $(inherited)";
				SWIFT_OPTIMIZATION_LEVEL = "-Onone";
			};
			name = Debug;
		};
		D805F1E12B74BABE00C80D18 /* Release */ = {
			isa = XCBuildConfiguration;
			buildSettings = {
				ALWAYS_SEARCH_USER_PATHS = NO;
				ASSETCATALOG_COMPILER_GENERATE_SWIFT_ASSET_SYMBOL_EXTENSIONS = YES;
				CLANG_ANALYZER_NONNULL = YES;
				CLANG_ANALYZER_NUMBER_OBJECT_CONVERSION = YES_AGGRESSIVE;
				CLANG_CXX_LANGUAGE_STANDARD = "gnu++20";
				CLANG_ENABLE_MODULES = YES;
				CLANG_ENABLE_OBJC_ARC = YES;
				CLANG_ENABLE_OBJC_WEAK = YES;
				CLANG_WARN_BLOCK_CAPTURE_AUTORELEASING = YES;
				CLANG_WARN_BOOL_CONVERSION = YES;
				CLANG_WARN_COMMA = YES;
				CLANG_WARN_CONSTANT_CONVERSION = YES;
				CLANG_WARN_DEPRECATED_OBJC_IMPLEMENTATIONS = YES;
				CLANG_WARN_DIRECT_OBJC_ISA_USAGE = YES_ERROR;
				CLANG_WARN_DOCUMENTATION_COMMENTS = YES;
				CLANG_WARN_EMPTY_BODY = YES;
				CLANG_WARN_ENUM_CONVERSION = YES;
				CLANG_WARN_INFINITE_RECURSION = YES;
				CLANG_WARN_INT_CONVERSION = YES;
				CLANG_WARN_NON_LITERAL_NULL_CONVERSION = YES;
				CLANG_WARN_OBJC_IMPLICIT_RETAIN_SELF = YES;
				CLANG_WARN_OBJC_LITERAL_CONVERSION = YES;
				CLANG_WARN_OBJC_ROOT_CLASS = YES_ERROR;
				CLANG_WARN_QUOTED_INCLUDE_IN_FRAMEWORK_HEADER = YES;
				CLANG_WARN_RANGE_LOOP_ANALYSIS = YES;
				CLANG_WARN_STRICT_PROTOTYPES = YES;
				CLANG_WARN_SUSPICIOUS_MOVE = YES;
				CLANG_WARN_UNGUARDED_AVAILABILITY = YES_AGGRESSIVE;
				CLANG_WARN_UNREACHABLE_CODE = YES;
				CLANG_WARN__DUPLICATE_METHOD_MATCH = YES;
				COPY_PHASE_STRIP = NO;
				DEBUG_INFORMATION_FORMAT = "dwarf-with-dsym";
				ENABLE_NS_ASSERTIONS = NO;
				ENABLE_STRICT_OBJC_MSGSEND = YES;
				ENABLE_USER_SCRIPT_SANDBOXING = YES;
				GCC_C_LANGUAGE_STANDARD = gnu17;
				GCC_NO_COMMON_BLOCKS = YES;
				GCC_WARN_64_TO_32_BIT_CONVERSION = YES;
				GCC_WARN_ABOUT_RETURN_TYPE = YES_ERROR;
				GCC_WARN_UNDECLARED_SELECTOR = YES;
				GCC_WARN_UNINITIALIZED_AUTOS = YES_AGGRESSIVE;
				GCC_WARN_UNUSED_FUNCTION = YES;
				GCC_WARN_UNUSED_VARIABLE = YES;
				IPHONEOS_DEPLOYMENT_TARGET = 17.2;
				LOCALIZATION_PREFERS_STRING_CATALOGS = YES;
				MTL_ENABLE_DEBUG_INFO = NO;
				MTL_FAST_MATH = YES;
				SDKROOT = iphoneos;
				SWIFT_COMPILATION_MODE = wholemodule;
				VALIDATE_PRODUCT = YES;
			};
			name = Release;
		};
		D805F1E32B74BABE00C80D18 /* Debug */ = {
			isa = XCBuildConfiguration;
			buildSettings = {
				ASSETCATALOG_COMPILER_APPICON_NAME = AppIcon;
				ASSETCATALOG_COMPILER_GLOBAL_ACCENT_COLOR_NAME = AccentColor;
				CODE_SIGN_STYLE = Automatic;
				CURRENT_PROJECT_VERSION = 1;
				DEVELOPMENT_ASSET_PATHS = "\"DailyJournal/Preview Content\"";
				DEVELOPMENT_TEAM = 442TUD5P76;
				ENABLE_PREVIEWS = YES;
				ENABLE_USER_SCRIPT_SANDBOXING = NO;
				GENERATE_INFOPLIST_FILE = YES;
				INFOPLIST_KEY_NSFaceIDUsageDescription = "Please authenticate yourself to unlock journals.";
				INFOPLIST_KEY_UIApplicationSceneManifest_Generation = YES;
				INFOPLIST_KEY_UIApplicationSupportsIndirectInputEvents = YES;
				INFOPLIST_KEY_UILaunchScreen_Generation = YES;
				INFOPLIST_KEY_UISupportedInterfaceOrientations_iPad = "UIInterfaceOrientationPortrait UIInterfaceOrientationPortraitUpsideDown UIInterfaceOrientationLandscapeLeft UIInterfaceOrientationLandscapeRight";
				INFOPLIST_KEY_UISupportedInterfaceOrientations_iPhone = "UIInterfaceOrientationPortrait UIInterfaceOrientationLandscapeLeft UIInterfaceOrientationLandscapeRight";
				LD_RUNPATH_SEARCH_PATHS = (
					"$(inherited)",
					"@executable_path/Frameworks",
				);
				MARKETING_VERSION = 1.0;
				PRODUCT_BUNDLE_IDENTIFIER = com.example.DailyJournal;
				PRODUCT_NAME = "$(TARGET_NAME)";
				SWIFT_EMIT_LOC_STRINGS = YES;
				SWIFT_VERSION = 5.0;
				TARGETED_DEVICE_FAMILY = "1,2";
			};
			name = Debug;
		};
		D805F1E42B74BABE00C80D18 /* Release */ = {
			isa = XCBuildConfiguration;
			buildSettings = {
				ASSETCATALOG_COMPILER_APPICON_NAME = AppIcon;
				ASSETCATALOG_COMPILER_GLOBAL_ACCENT_COLOR_NAME = AccentColor;
				CODE_SIGN_STYLE = Automatic;
				CURRENT_PROJECT_VERSION = 1;
				DEVELOPMENT_ASSET_PATHS = "\"DailyJournal/Preview Content\"";
				DEVELOPMENT_TEAM = 442TUD5P76;
				ENABLE_PREVIEWS = YES;
				ENABLE_USER_SCRIPT_SANDBOXING = NO;
				GENERATE_INFOPLIST_FILE = YES;
				INFOPLIST_KEY_NSFaceIDUsageDescription = "Please authenticate yourself to unlock journals.";
				INFOPLIST_KEY_UIApplicationSceneManifest_Generation = YES;
				INFOPLIST_KEY_UIApplicationSupportsIndirectInputEvents = YES;
				INFOPLIST_KEY_UILaunchScreen_Generation = YES;
				INFOPLIST_KEY_UISupportedInterfaceOrientations_iPad = "UIInterfaceOrientationPortrait UIInterfaceOrientationPortraitUpsideDown UIInterfaceOrientationLandscapeLeft UIInterfaceOrientationLandscapeRight";
				INFOPLIST_KEY_UISupportedInterfaceOrientations_iPhone = "UIInterfaceOrientationPortrait UIInterfaceOrientationLandscapeLeft UIInterfaceOrientationLandscapeRight";
				LD_RUNPATH_SEARCH_PATHS = (
					"$(inherited)",
					"@executable_path/Frameworks",
				);
				MARKETING_VERSION = 1.0;
				PRODUCT_BUNDLE_IDENTIFIER = com.example.DailyJournal;
				PRODUCT_NAME = "$(TARGET_NAME)";
				SWIFT_EMIT_LOC_STRINGS = YES;
				SWIFT_VERSION = 5.0;
				TARGETED_DEVICE_FAMILY = "1,2";
			};
			name = Release;
		};
/* End XCBuildConfiguration section */

/* Begin XCConfigurationList section */
		D805F1CF2B74BABD00C80D18 /* Build configuration list for PBXProject "DailyJournal" */ = {
			isa = XCConfigurationList;
			buildConfigurations = (
				D805F1E02B74BABE00C80D18 /* Debug */,
				D805F1E12B74BABE00C80D18 /* Release */,
			);
			defaultConfigurationIsVisible = 0;
			defaultConfigurationName = Release;
		};
		D805F1E22B74BABE00C80D18 /* Build configuration list for PBXNativeTarget "DailyJournal" */ = {
			isa = XCConfigurationList;
			buildConfigurations = (
				D805F1E32B74BABE00C80D18 /* Debug */,
				D805F1E42B74BABE00C80D18 /* Release */,
			);
			defaultConfigurationIsVisible = 0;
			defaultConfigurationName = Release;
		};
/* End XCConfigurationList section */

/* Begin XCRemoteSwiftPackageReference section */
		D8E972692B7682C300F38745 /* XCRemoteSwiftPackageReference "swift-collections" */ = {
			isa = XCRemoteSwiftPackageReference;
			repositoryURL = "https://github.com/apple/swift-collections.git";
			requirement = {
				kind = upToNextMajorVersion;
				minimumVersion = 1.1.0;
			};
		};
/* End XCRemoteSwiftPackageReference section */

/* Begin XCSwiftPackageProductDependency section */
		D8E9726A2B7682C300F38745 /* BitCollections */ = {
			isa = XCSwiftPackageProductDependency;
			package = D8E972692B7682C300F38745 /* XCRemoteSwiftPackageReference "swift-collections" */;
			productName = BitCollections;
		};
		D8E9726C2B7682C300F38745 /* Collections */ = {
			isa = XCSwiftPackageProductDependency;
			package = D8E972692B7682C300F38745 /* XCRemoteSwiftPackageReference "swift-collections" */;
			productName = Collections;
		};
		D8E9726E2B7682C300F38745 /* DequeModule */ = {
			isa = XCSwiftPackageProductDependency;
			package = D8E972692B7682C300F38745 /* XCRemoteSwiftPackageReference "swift-collections" */;
			productName = DequeModule;
		};
		D8E972702B7682C300F38745 /* HashTreeCollections */ = {
			isa = XCSwiftPackageProductDependency;
			package = D8E972692B7682C300F38745 /* XCRemoteSwiftPackageReference "swift-collections" */;
			productName = HashTreeCollections;
		};
		D8E972722B7682C300F38745 /* HeapModule */ = {
			isa = XCSwiftPackageProductDependency;
			package = D8E972692B7682C300F38745 /* XCRemoteSwiftPackageReference "swift-collections" */;
			productName = HeapModule;
		};
/* End XCSwiftPackageProductDependency section */
	};
	rootObject = D805F1CC2B74BABD00C80D18 /* Project object */;
}
